{
  "name": "runmux",
  "version": "0.1.0",
  "lockfileVersion": 3,
  "requires": true,
  "packages": {
    "": {
      "name": "runmux",
      "version": "0.1.0",
      "license": "MIT",
      "bin": {
        "runmux": "runmux.mjs"
      },
      "engines": {
        "node": ">=22"
      }
    }
  }
}
